
Microsoft Visual Studio Solution File, Format Version 12.00
# Visual Studio Version 17
VisualStudioVersion = 17.4.33213.308
MinimumVisualStudioVersion = 10.0.40219.1
Project("{9A19103F-16F7-4668-BE54-9A1E7A4F7556}") = "获取泉州电视台直播流", "获取泉州电视台直播流\获取泉州电视台直播流.csproj", "{75B47513-D96B-4056-8495-C4C833C9F843}"
EndProject
Project("{9A19103F-16F7-4668-BE54-9A1E7A4F7556}") = "修复B站视频", "修复B站视频\修复B站视频.csproj", "{1FFBC2D0-8A36-439C-B136-FD42FF841D27}"
EndProject
Project("{9A19103F-16F7-4668-BE54-9A1E7A4F7556}") = "测试用控制台", "测试用控制台\测试用控制台.csproj", "{1690CB31-8611-4C9E-B14D-550C94283398}"
EndProject
Project("{9A19103F-16F7-4668-BE54-9A1E7A4F7556}") = "HexView", "HexView\HexView.csproj", "{0F8685F3-B12E-432D-8658-AF39CB6E3945}"
EndProject
Project("{9A19103F-16F7-4668-BE54-9A1E7A4F7556}") = "TCP代理", "TCP代理\TCP代理.csproj", "{55DAED51-0E1C-4CE6-8C9D-5223F67C7138}"
EndProject
Project("{9A19103F-16F7-4668-BE54-9A1E7A4F7556}") = "TestServer", "TestServer\TestServer.csproj", "{A6022715-F8E5-4010-855E-346011E38940}"
EndProject
Project("{9A19103F-16F7-4668-BE54-9A1E7A4F7556}") = "无尽播放器", "无尽播放器\无尽播放器.csproj", "{52EF58DB-271C-4F5C-901E-3C70BBA55EFC}"
EndProject
Project("{9A19103F-16F7-4668-BE54-9A1E7A4F7556}") = "HttpServerLib", "HttpServerLib\HttpServerLib.csproj", "{E61D3262-8BD3-4A87-A83A-82CF79EC410D}"
EndProject
Project("{9A19103F-16F7-4668-BE54-9A1E7A4F7556}") = "WsHttpAgentClient", "WsHttpAgentClient\WsHttpAgentClient.csproj", "{93348708-BE01-4DAF-8B37-9F98CCB897BE}"
EndProject
Project("{9A19103F-16F7-4668-BE54-9A1E7A4F7556}") = "WsHttpAgentServer", "WsHttpAgentServer\WsHttpAgentServer.csproj", "{DA6A3037-FEE3-40C8-88CB-D3C3B4162307}"
EndProject
Project("{9A19103F-16F7-4668-BE54-9A1E7A4F7556}") = "Sdv3ControlPanel", "Sdv3ControlPanel\Sdv3ControlPanel.csproj", "{E052381E-60B7-4627-9A7E-77FA7D1012AA}"
EndProject
Project("{9A19103F-16F7-4668-BE54-9A1E7A4F7556}") = "SDV3Lib", "SDV3Lib\SDV3Lib.csproj", "{1A16CCD1-CDF5-4C90-A3AD-8ED58AB2FFF3}"
EndProject
Global
	GlobalSection(SolutionConfigurationPlatforms) = preSolution
		Debug|Any CPU = Debug|Any CPU
		Debug|x64 = Debug|x64
		Debug|x86 = Debug|x86
		Release|Any CPU = Release|Any CPU
		Release|x64 = Release|x64
		Release|x86 = Release|x86
	EndGlobalSection
	GlobalSection(ProjectConfigurationPlatforms) = postSolution
		{75B47513-D96B-4056-8495-C4C833C9F843}.Debug|Any CPU.ActiveCfg = Debug|Any CPU
		{75B47513-D96B-4056-8495-C4C833C9F843}.Debug|Any CPU.Build.0 = Debug|Any CPU
		{75B47513-D96B-4056-8495-C4C833C9F843}.Debug|x64.ActiveCfg = Debug|Any CPU
		{75B47513-D96B-4056-8495-C4C833C9F843}.Debug|x64.Build.0 = Debug|Any CPU
		{75B47513-D96B-4056-8495-C4C833C9F843}.Debug|x86.ActiveCfg = Debug|Any CPU
		{75B47513-D96B-4056-8495-C4C833C9F843}.Debug|x86.Build.0 = Debug|Any CPU
		{75B47513-D96B-4056-8495-C4C833C9F843}.Release|Any CPU.ActiveCfg = Release|Any CPU
		{75B47513-D96B-4056-8495-C4C833C9F843}.Release|Any CPU.Build.0 = Release|Any CPU
		{75B47513-D96B-4056-8495-C4C833C9F843}.Release|x64.ActiveCfg = Release|Any CPU
		{75B47513-D96B-4056-8495-C4C833C9F843}.Release|x64.Build.0 = Release|Any CPU
		{75B47513-D96B-4056-8495-C4C833C9F843}.Release|x86.ActiveCfg = Release|Any CPU
		{75B47513-D96B-4056-8495-C4C833C9F843}.Release|x86.Build.0 = Release|Any CPU
		{1FFBC2D0-8A36-439C-B136-FD42FF841D27}.Debug|Any CPU.ActiveCfg = Debug|Any CPU
		{1FFBC2D0-8A36-439C-B136-FD42FF841D27}.Debug|Any CPU.Build.0 = Debug|Any CPU
		{1FFBC2D0-8A36-439C-B136-FD42FF841D27}.Debug|x64.ActiveCfg = Debug|Any CPU
		{1FFBC2D0-8A36-439C-B136-FD42FF841D27}.Debug|x64.Build.0 = Debug|Any CPU
		{1FFBC2D0-8A36-439C-B136-FD42FF841D27}.Debug|x86.ActiveCfg = Debug|Any CPU
		{1FFBC2D0-8A36-439C-B136-FD42FF841D27}.Debug|x86.Build.0 = Debug|Any CPU
		{1FFBC2D0-8A36-439C-B136-FD42FF841D27}.Release|Any CPU.ActiveCfg = Release|Any CPU
		{1FFBC2D0-8A36-439C-B136-FD42FF841D27}.Release|Any CPU.Build.0 = Release|Any CPU
		{1FFBC2D0-8A36-439C-B136-FD42FF841D27}.Release|x64.ActiveCfg = Release|Any CPU
		{1FFBC2D0-8A36-439C-B136-FD42FF841D27}.Release|x64.Build.0 = Release|Any CPU
		{1FFBC2D0-8A36-439C-B136-FD42FF841D27}.Release|x86.ActiveCfg = Release|Any CPU
		{1FFBC2D0-8A36-439C-B136-FD42FF841D27}.Release|x86.Build.0 = Release|Any CPU
		{1690CB31-8611-4C9E-B14D-550C94283398}.Debug|Any CPU.ActiveCfg = Debug|Any CPU
		{1690CB31-8611-4C9E-B14D-550C94283398}.Debug|Any CPU.Build.0 = Debug|Any CPU
		{1690CB31-8611-4C9E-B14D-550C94283398}.Debug|x64.ActiveCfg = Debug|Any CPU
		{1690CB31-8611-4C9E-B14D-550C94283398}.Debug|x64.Build.0 = Debug|Any CPU
		{1690CB31-8611-4C9E-B14D-550C94283398}.Debug|x86.ActiveCfg = Debug|Any CPU
		{1690CB31-8611-4C9E-B14D-550C94283398}.Debug|x86.Build.0 = Debug|Any CPU
		{1690CB31-8611-4C9E-B14D-550C94283398}.Release|Any CPU.ActiveCfg = Release|Any CPU
		{1690CB31-8611-4C9E-B14D-550C94283398}.Release|Any CPU.Build.0 = Release|Any CPU
		{1690CB31-8611-4C9E-B14D-550C94283398}.Release|x64.ActiveCfg = Release|Any CPU
		{1690CB31-8611-4C9E-B14D-550C94283398}.Release|x64.Build.0 = Release|Any CPU
		{1690CB31-8611-4C9E-B14D-550C94283398}.Release|x86.ActiveCfg = Release|Any CPU
		{1690CB31-8611-4C9E-B14D-550C94283398}.Release|x86.Build.0 = Release|Any CPU
		{0F8685F3-B12E-432D-8658-AF39CB6E3945}.Debug|Any CPU.ActiveCfg = Debug|Any CPU
		{0F8685F3-B12E-432D-8658-AF39CB6E3945}.Debug|Any CPU.Build.0 = Debug|Any CPU
		{0F8685F3-B12E-432D-8658-AF39CB6E3945}.Debug|x64.ActiveCfg = Debug|Any CPU
		{0F8685F3-B12E-432D-8658-AF39CB6E3945}.Debug|x64.Build.0 = Debug|Any CPU
		{0F8685F3-B12E-432D-8658-AF39CB6E3945}.Debug|x86.ActiveCfg = Debug|Any CPU
		{0F8685F3-B12E-432D-8658-AF39CB6E3945}.Debug|x86.Build.0 = Debug|Any CPU
		{0F8685F3-B12E-432D-8658-AF39CB6E3945}.Release|Any CPU.ActiveCfg = Release|Any CPU
		{0F8685F3-B12E-432D-8658-AF39CB6E3945}.Release|Any CPU.Build.0 = Release|Any CPU
		{0F8685F3-B12E-432D-8658-AF39CB6E3945}.Release|x64.ActiveCfg = Release|Any CPU
		{0F8685F3-B12E-432D-8658-AF39CB6E3945}.Release|x64.Build.0 = Release|Any CPU
		{0F8685F3-B12E-432D-8658-AF39CB6E3945}.Release|x86.ActiveCfg = Release|Any CPU
		{0F8685F3-B12E-432D-8658-AF39CB6E3945}.Release|x86.Build.0 = Release|Any CPU
		{55DAED51-0E1C-4CE6-8C9D-5223F67C7138}.Debug|Any CPU.ActiveCfg = Debug|Any CPU
		{55DAED51-0E1C-4CE6-8C9D-5223F67C7138}.Debug|Any CPU.Build.0 = Debug|Any CPU
		{55DAED51-0E1C-4CE6-8C9D-5223F67C7138}.Debug|x64.ActiveCfg = Debug|Any CPU
		{55DAED51-0E1C-4CE6-8C9D-5223F67C7138}.Debug|x64.Build.0 = Debug|Any CPU
		{55DAED51-0E1C-4CE6-8C9D-5223F67C7138}.Debug|x86.ActiveCfg = Debug|Any CPU
		{55DAED51-0E1C-4CE6-8C9D-5223F67C7138}.Debug|x86.Build.0 = Debug|Any CPU
		{55DAED51-0E1C-4CE6-8C9D-5223F67C7138}.Release|Any CPU.ActiveCfg = Release|Any CPU
		{55DAED51-0E1C-4CE6-8C9D-5223F67C7138}.Release|Any CPU.Build.0 = Release|Any CPU
		{55DAED51-0E1C-4CE6-8C9D-5223F67C7138}.Release|x64.ActiveCfg = Release|Any CPU
		{55DAED51-0E1C-4CE6-8C9D-5223F67C7138}.Release|x64.Build.0 = Release|Any CPU
		{55DAED51-0E1C-4CE6-8C9D-5223F67C7138}.Release|x86.ActiveCfg = Release|Any CPU
		{55DAED51-0E1C-4CE6-8C9D-5223F67C7138}.Release|x86.Build.0 = Release|Any CPU
		{A6022715-F8E5-4010-855E-346011E38940}.Debug|Any CPU.ActiveCfg = Debug|Any CPU
		{A6022715-F8E5-4010-855E-346011E38940}.Debug|Any CPU.Build.0 = Debug|Any CPU
		{A6022715-F8E5-4010-855E-346011E38940}.Debug|x64.ActiveCfg = Debug|Any CPU
		{A6022715-F8E5-4010-855E-346011E38940}.Debug|x64.Build.0 = Debug|Any CPU
		{A6022715-F8E5-4010-855E-346011E38940}.Debug|x86.ActiveCfg = Debug|Any CPU
		{A6022715-F8E5-4010-855E-346011E38940}.Debug|x86.Build.0 = Debug|Any CPU
		{A6022715-F8E5-4010-855E-346011E38940}.Release|Any CPU.ActiveCfg = Release|Any CPU
		{A6022715-F8E5-4010-855E-346011E38940}.Release|Any CPU.Build.0 = Release|Any CPU
		{A6022715-F8E5-4010-855E-346011E38940}.Release|x64.ActiveCfg = Release|Any CPU
		{A6022715-F8E5-4010-855E-346011E38940}.Release|x64.Build.0 = Release|Any CPU
		{A6022715-F8E5-4010-855E-346011E38940}.Release|x86.ActiveCfg = Release|Any CPU
		{A6022715-F8E5-4010-855E-346011E38940}.Release|x86.Build.0 = Release|Any CPU
		{52EF58DB-271C-4F5C-901E-3C70BBA55EFC}.Debug|Any CPU.ActiveCfg = Debug|Any CPU
		{52EF58DB-271C-4F5C-901E-3C70BBA55EFC}.Debug|Any CPU.Build.0 = Debug|Any CPU
		{52EF58DB-271C-4F5C-901E-3C70BBA55EFC}.Debug|x64.ActiveCfg = Debug|Any CPU
		{52EF58DB-271C-4F5C-901E-3C70BBA55EFC}.Debug|x64.Build.0 = Debug|Any CPU
		{52EF58DB-271C-4F5C-901E-3C70BBA55EFC}.Debug|x86.ActiveCfg = Debug|Any CPU
		{52EF58DB-271C-4F5C-901E-3C70BBA55EFC}.Debug|x86.Build.0 = Debug|Any CPU
		{52EF58DB-271C-4F5C-901E-3C70BBA55EFC}.Release|Any CPU.ActiveCfg = Release|Any CPU
		{52EF58DB-271C-4F5C-901E-3C70BBA55EFC}.Release|Any CPU.Build.0 = Release|Any CPU
		{52EF58DB-271C-4F5C-901E-3C70BBA55EFC}.Release|x64.ActiveCfg = Release|Any CPU
		{52EF58DB-271C-4F5C-901E-3C70BBA55EFC}.Release|x64.Build.0 = Release|Any CPU
		{52EF58DB-271C-4F5C-901E-3C70BBA55EFC}.Release|x86.ActiveCfg = Release|Any CPU
		{52EF58DB-271C-4F5C-901E-3C70BBA55EFC}.Release|x86.Build.0 = Release|Any CPU
		{E61D3262-8BD3-4A87-A83A-82CF79EC410D}.Debug|Any CPU.ActiveCfg = Debug|Any CPU
		{E61D3262-8BD3-4A87-A83A-82CF79EC410D}.Debug|Any CPU.Build.0 = Debug|Any CPU
		{E61D3262-8BD3-4A87-A83A-82CF79EC410D}.Debug|x64.ActiveCfg = Debug|Any CPU
		{E61D3262-8BD3-4A87-A83A-82CF79EC410D}.Debug|x64.Build.0 = Debug|Any CPU
		{E61D3262-8BD3-4A87-A83A-82CF79EC410D}.Debug|x86.ActiveCfg = Debug|Any CPU
		{E61D3262-8BD3-4A87-A83A-82CF79EC410D}.Debug|x86.Build.0 = Debug|Any CPU
		{E61D3262-8BD3-4A87-A83A-82CF79EC410D}.Release|Any CPU.ActiveCfg = Release|Any CPU
		{E61D3262-8BD3-4A87-A83A-82CF79EC410D}.Release|Any CPU.Build.0 = Release|Any CPU
		{E61D3262-8BD3-4A87-A83A-82CF79EC410D}.Release|x64.ActiveCfg = Release|Any CPU
		{E61D3262-8BD3-4A87-A83A-82CF79EC410D}.Release|x64.Build.0 = Release|Any CPU
		{E61D3262-8BD3-4A87-A83A-82CF79EC410D}.Release|x86.ActiveCfg = Release|Any CPU
		{E61D3262-8BD3-4A87-A83A-82CF79EC410D}.Release|x86.Build.0 = Release|Any CPU
		{93348708-BE01-4DAF-8B37-9F98CCB897BE}.Debug|Any CPU.ActiveCfg = Debug|Any CPU
		{93348708-BE01-4DAF-8B37-9F98CCB897BE}.Debug|Any CPU.Build.0 = Debug|Any CPU
		{93348708-BE01-4DAF-8B37-9F98CCB897BE}.Debug|x64.ActiveCfg = Debug|Any CPU
		{93348708-BE01-4DAF-8B37-9F98CCB897BE}.Debug|x64.Build.0 = Debug|Any CPU
		{93348708-BE01-4DAF-8B37-9F98CCB897BE}.Debug|x86.ActiveCfg = Debug|Any CPU
		{93348708-BE01-4DAF-8B37-9F98CCB897BE}.Debug|x86.Build.0 = Debug|Any CPU
		{93348708-BE01-4DAF-8B37-9F98CCB897BE}.Release|Any CPU.ActiveCfg = Release|Any CPU
		{93348708-BE01-4DAF-8B37-9F98CCB897BE}.Release|Any CPU.Build.0 = Release|Any CPU
		{93348708-BE01-4DAF-8B37-9F98CCB897BE}.Release|x64.ActiveCfg = Release|Any CPU
		{93348708-BE01-4DAF-8B37-9F98CCB897BE}.Release|x64.Build.0 = Release|Any CPU
		{93348708-BE01-4DAF-8B37-9F98CCB897BE}.Release|x86.ActiveCfg = Release|Any CPU
		{93348708-BE01-4DAF-8B37-9F98CCB897BE}.Release|x86.Build.0 = Release|Any CPU
		{DA6A3037-FEE3-40C8-88CB-D3C3B4162307}.Debug|Any CPU.ActiveCfg = Debug|Any CPU
		{DA6A3037-FEE3-40C8-88CB-D3C3B4162307}.Debug|Any CPU.Build.0 = Debug|Any CPU
		{DA6A3037-FEE3-40C8-88CB-D3C3B4162307}.Debug|x64.ActiveCfg = Debug|Any CPU
		{DA6A3037-FEE3-40C8-88CB-D3C3B4162307}.Debug|x64.Build.0 = Debug|Any CPU
		{DA6A3037-FEE3-40C8-88CB-D3C3B4162307}.Debug|x86.ActiveCfg = Debug|Any CPU
		{DA6A3037-FEE3-40C8-88CB-D3C3B4162307}.Debug|x86.Build.0 = Debug|Any CPU
		{DA6A3037-FEE3-40C8-88CB-D3C3B4162307}.Release|Any CPU.ActiveCfg = Release|Any CPU
		{DA6A3037-FEE3-40C8-88CB-D3C3B4162307}.Release|Any CPU.Build.0 = Release|Any CPU
		{DA6A3037-FEE3-40C8-88CB-D3C3B4162307}.Release|x64.ActiveCfg = Release|Any CPU
		{DA6A3037-FEE3-40C8-88CB-D3C3B4162307}.Release|x64.Build.0 = Release|Any CPU
		{DA6A3037-FEE3-40C8-88CB-D3C3B4162307}.Release|x86.ActiveCfg = Release|Any CPU
		{DA6A3037-FEE3-40C8-88CB-D3C3B4162307}.Release|x86.Build.0 = Release|Any CPU
		{E052381E-60B7-4627-9A7E-77FA7D1012AA}.Debug|Any CPU.ActiveCfg = Debug|Any CPU
		{E052381E-60B7-4627-9A7E-77FA7D1012AA}.Debug|Any CPU.Build.0 = Debug|Any CPU
		{E052381E-60B7-4627-9A7E-77FA7D1012AA}.Debug|x64.ActiveCfg = Debug|Any CPU
		{E052381E-60B7-4627-9A7E-77FA7D1012AA}.Debug|x64.Build.0 = Debug|Any CPU
		{E052381E-60B7-4627-9A7E-77FA7D1012AA}.Debug|x86.ActiveCfg = Debug|Any CPU
		{E052381E-60B7-4627-9A7E-77FA7D1012AA}.Debug|x86.Build.0 = Debug|Any CPU
		{E052381E-60B7-4627-9A7E-77FA7D1012AA}.Release|Any CPU.ActiveCfg = Release|Any CPU
		{E052381E-60B7-4627-9A7E-77FA7D1012AA}.Release|Any CPU.Build.0 = Release|Any CPU
		{E052381E-60B7-4627-9A7E-77FA7D1012AA}.Release|x64.ActiveCfg = Release|Any CPU
		{E052381E-60B7-4627-9A7E-77FA7D1012AA}.Release|x64.Build.0 = Release|Any CPU
		{E052381E-60B7-4627-9A7E-77FA7D1012AA}.Release|x86.ActiveCfg = Release|Any CPU
		{E052381E-60B7-4627-9A7E-77FA7D1012AA}.Release|x86.Build.0 = Release|Any CPU
		{1A16CCD1-CDF5-4C90-A3AD-8ED58AB2FFF3}.Debug|Any CPU.ActiveCfg = Debug|Any CPU
		{1A16CCD1-CDF5-4C90-A3AD-8ED58AB2FFF3}.Debug|Any CPU.Build.0 = Debug|Any CPU
		{1A16CCD1-CDF5-4C90-A3AD-8ED58AB2FFF3}.Debug|x64.ActiveCfg = Debug|Any CPU
		{1A16CCD1-CDF5-4C90-A3AD-8ED58AB2FFF3}.Debug|x64.Build.0 = Debug|Any CPU
		{1A16CCD1-CDF5-4C90-A3AD-8ED58AB2FFF3}.Debug|x86.ActiveCfg = Debug|Any CPU
		{1A16CCD1-CDF5-4C90-A3AD-8ED58AB2FFF3}.Debug|x86.Build.0 = Debug|Any CPU
		{1A16CCD1-CDF5-4C90-A3AD-8ED58AB2FFF3}.Release|Any CPU.ActiveCfg = Release|Any CPU
		{1A16CCD1-CDF5-4C90-A3AD-8ED58AB2FFF3}.Release|Any CPU.Build.0 = Release|Any CPU
		{1A16CCD1-CDF5-4C90-A3AD-8ED58AB2FFF3}.Release|x64.ActiveCfg = Release|Any CPU
		{1A16CCD1-CDF5-4C90-A3AD-8ED58AB2FFF3}.Release|x64.Build.0 = Release|Any CPU
		{1A16CCD1-CDF5-4C90-A3AD-8ED58AB2FFF3}.Release|x86.ActiveCfg = Release|Any CPU
		{1A16CCD1-CDF5-4C90-A3AD-8ED58AB2FFF3}.Release|x86.Build.0 = Release|Any CPU
	EndGlobalSection
	GlobalSection(SolutionProperties) = preSolution
		HideSolutionNode = FALSE
	EndGlobalSection
	GlobalSection(ExtensibilityGlobals) = postSolution
		SolutionGuid = {96FA1A7A-5C79-4BDC-90E8-4F6417D512D3}
	EndGlobalSection
EndGlobal
